
Microsoft Visual Studio Solution File, Format Version 12.00
# Visual Studio Version 17
VisualStudioVersion = 17.0.31903.59
MinimumVisualStudioVersion = 10.0.40219.1
Project("{FAE04EC0-301F-11D3-BF4B-00C04F79EFBC}") = "MoviesAPI", "MoviesAPI\MoviesAPI.csproj", "{F35947DD-2536-42DE-B495-8F976E9F1682}"
EndProject
Project("{FAE04EC0-301F-11D3-BF4B-00C04F79EFBC}") = "MoviesAPI.Tests", "MoviesAPI.Tests\MoviesAPI.Tests.csproj", "{1FA20950-1B3E-44B6-96DE-0C1D23E3EB1F}"
EndProject
Global
	GlobalSection(SolutionConfigurationPlatforms) = preSolution
		Debug|Any CPU = Debug|Any CPU
		Release|Any CPU = Release|Any CPU
	EndGlobalSection
	GlobalSection(ProjectConfigurationPlatforms) = postSolution
		{F35947DD-2536-42DE-B495-8F976E9F1682}.Debug|Any CPU.ActiveCfg = Debug|Any CPU
		{F35947DD-2536-42DE-B495-8F976E9F1682}.Debug|Any CPU.Build.0 = Debug|Any CPU
		{F35947DD-2536-42DE-B495-8F976E9F1682}.Release|Any CPU.ActiveCfg = Release|Any CPU
		{F35947DD-2536-42DE-B495-8F976E9F1682}.Release|Any CPU.Build.0 = Release|Any CPU
		{1FA20950-1B3E-44B6-96DE-0C1D23E3EB1F}.Debug|Any CPU.ActiveCfg = Debug|Any CPU
		{1FA20950-1B3E-44B6-96DE-0C1D23E3EB1F}.Debug|Any CPU.Build.0 = Debug|Any CPU
		{1FA20950-1B3E-44B6-96DE-0C1D23E3EB1F}.Release|Any CPU.ActiveCfg = Release|Any CPU
		{1FA20950-1B3E-44B6-96DE-0C1D23E3EB1F}.Release|Any CPU.Build.0 = Release|Any CPU
	EndGlobalSection
	GlobalSection(SolutionProperties) = preSolution
		HideSolutionNode = FALSE
	EndGlobalSection
	GlobalSection(ExtensibilityGlobals) = postSolution
		SolutionGuid = {ECBC96C4-2A2D-4CAC-9B5C-5A8EB5FAAD04}
	EndGlobalSection
EndGlobal
